
Microsoft Visual Studio Solution File, Format Version 12.00
# Visual Studio 2012
Project("{F184B08F-C81C-45F6-A57F-5ABD9991F28F}") = "WebApplication1", "WebApplication1\WebApplication1.vbproj", "{B2262DB5-76F1-43C8-BB91-0988BE912F04}"
EndProject
Project("{F184B08F-C81C-45F6-A57F-5ABD9991F28F}") = "LibreriaClases", "ClassL\LibreriaClases.vbproj", "{27DCD60B-426B-4188-835E-88206FD9B5CA}"
EndProject
Global
	GlobalSection(SolutionConfigurationPlatforms) = preSolution
		Debug|Any CPU = Debug|Any CPU
		Release|Any CPU = Release|Any CPU
	EndGlobalSection
	GlobalSection(ProjectConfigurationPlatforms) = postSolution
		{B2262DB5-76F1-43C8-BB91-0988BE912F04}.Debug|Any CPU.ActiveCfg = Debug|Any CPU
		{B2262DB5-76F1-43C8-BB91-0988BE912F04}.Debug|Any CPU.Build.0 = Debug|Any CPU
		{B2262DB5-76F1-43C8-BB91-0988BE912F04}.Release|Any CPU.ActiveCfg = Release|Any CPU
		{B2262DB5-76F1-43C8-BB91-0988BE912F04}.Release|Any CPU.Build.0 = Release|Any CPU
		{27DCD60B-426B-4188-835E-88206FD9B5CA}.Debug|Any CPU.ActiveCfg = Debug|Any CPU
		{27DCD60B-426B-4188-835E-88206FD9B5CA}.Debug|Any CPU.Build.0 = Debug|Any CPU
		{27DCD60B-426B-4188-835E-88206FD9B5CA}.Release|Any CPU.ActiveCfg = Release|Any CPU
		{27DCD60B-426B-4188-835E-88206FD9B5CA}.Release|Any CPU.Build.0 = Release|Any CPU
	EndGlobalSection
	GlobalSection(SolutionProperties) = preSolution
		HideSolutionNode = FALSE
	EndGlobalSection
EndGlobal
